// !$*UTF8*$!
{
	archiveVersion = 1;
	classes = {
	};
	objectVersion = 46;
	objects = {

/* Begin PBXBuildFile section */
		71F994861F60D3A70099C915 /* AppDelegate.swift in Sources */ = {isa = PBXBuildFile; fileRef = 71F994851F60D3A70099C915 /* AppDelegate.swift */; };
		71F994881F60D3A70099C915 /* ViewController.swift in Sources */ = {isa = PBXBuildFile; fileRef = 71F994871F60D3A70099C915 /* ViewController.swift */; };
		71F9948B1F60D3A70099C915 /* Main.storyboard in Resources */ = {isa = PBXBuildFile; fileRef = 71F994891F60D3A70099C915 /* Main.storyboard */; };
		71F9948D1F60D3A70099C915 /* Assets.xcassets in Resources */ = {isa = PBXBuildFile; fileRef = 71F9948C1F60D3A70099C915 /* Assets.xcassets */; };
		71F994901F60D3A70099C915 /* LaunchScreen.storyboard in Resources */ = {isa = PBXBuildFile; fileRef = 71F9948E1F60D3A70099C915 /* LaunchScreen.storyboard */; };
		71F9949B1F60D3A70099C915 /* HooAppsTest1LolTests.swift in Sources */ = {isa = PBXBuildFile; fileRef = 71F9949A1F60D3A70099C915 /* HooAppsTest1LolTests.swift */; };
		71F994A61F60D3A70099C915 /* HooAppsTest1LolUITests.swift in Sources */ = {isa = PBXBuildFile; fileRef = 71F994A51F60D3A70099C915 /* HooAppsTest1LolUITests.swift */; };
/* End PBXBuildFile section */

/* Begin PBXContainerItemProxy section */
		71F994971F60D3A70099C915 /* PBXContainerItemProxy */ = {
			isa = PBXContainerItemProxy;
			containerPortal = 71F9947A1F60D3A70099C915 /* Project object */;
			proxyType = 1;
			remoteGlobalIDString = 71F994811F60D3A70099C915;
			remoteInfo = HooAppsTest1Lol;
		};
		71F994A21F60D3A70099C915 /* PBXContainerItemProxy */ = {
			isa = PBXContainerItemProxy;
			containerPortal = 71F9947A1F60D3A70099C915 /* Project object */;
			proxyType = 1;
			remoteGlobalIDString = 71F994811F60D3A70099C915;
			remoteInfo = HooAppsTest1Lol;
		};
/* End PBXContainerItemProxy section */

/* Begin PBXFileReference section */
		71F994821F60D3A70099C915 /* HooAppsTest1Lol.app */ = {isa = PBXFileReference; explicitFileType = wrapper.application; includeInIndex = 0; path = HooAppsTest1Lol.app; sourceTree = BUILT_PRODUCTS_DIR; };
		71F994851F60D3A70099C915 /* AppDelegate.swift */ = {isa = PBXFileReference; lastKnownFileType = sourcecode.swift; path = AppDelegate.swift; sourceTree = "<group>"; };
		71F994871F60D3A70099C915 /* ViewController.swift */ = {isa = PBXFileReference; lastKnownFileType = sourcecode.swift; path = ViewController.swift; sourceTree = "<group>"; };
		71F9948A1F60D3A70099C915 /* Base */ = {isa = PBXFileReference; lastKnownFileType = file.storyboard; name = Base; path = Base.lproj/Main.storyboard; sourceTree = "<group>"; };
		71F9948C1F60D3A70099C915 /* Assets.xcassets */ = {isa = PBXFileReference; lastKnownFileType = folder.assetcatalog; path = Assets.xcassets; sourceTree = "<group>"; };
		71F9948F1F60D3A70099C915 /* Base */ = {isa = PBXFileReference; lastKnownFileType = file.storyboard; name = Base; path = Base.lproj/LaunchScreen.storyboard; sourceTree = "<group>"; };
		71F994911F60D3A70099C915 /* Info.plist */ = {isa = PBXFileReference; lastKnownFileType = text.plist.xml; path = Info.plist; sourceTree = "<group>"; };
		71F994961F60D3A70099C915 /* HooAppsTest1LolTests.xctest */ = {isa = PBXFileReference; explicitFileType = wrapper.cfbundle; includeInIndex = 0; path = HooAppsTest1LolTests.xctest; sourceTree = BUILT_PRODUCTS_DIR; };
		71F9949A1F60D3A70099C915 /* HooAppsTest1LolTests.swift */ = {isa = PBXFileReference; lastKnownFileType = sourcecode.swift; path = HooAppsTest1LolTests.swift; sourceTree = "<group>"; };
		71F9949C1F60D3A70099C915 /* Info.plist */ = {isa = PBXFileReference; lastKnownFileType = text.plist.xml; path = Info.plist; sourceTree = "<group>"; };
		71F994A11F60D3A70099C915 /* HooAppsTest1LolUITests.xctest */ = {isa = PBXFileReference; explicitFileType = wrapper.cfbundle; includeInIndex = 0; path = HooAppsTest1LolUITests.xctest; sourceTree = BUILT_PRODUCTS_DIR; };
		71F994A51F60D3A70099C915 /* HooAppsTest1LolUITests.swift */ = {isa = PBXFileReference; lastKnownFileType = sourcecode.swift; path = HooAppsTest1LolUITests.swift; sourceTree = "<group>"; };
		71F994A71F60D3A70099C915 /* Info.plist */ = {isa = PBXFileReference; lastKnownFileType = text.plist.xml; path = Info.plist; sourceTree = "<group>"; };
/* End PBXFileReference section */

/* Begin PBXFrameworksBuildPhase section */
		71F9947F1F60D3A70099C915 /* Frameworks */ = {
			isa = PBXFrameworksBuildPhase;
			buildActionMask = 2147483647;
			files = (
			);
			runOnlyForDeploymentPostprocessing = 0;
		};
		71F994931F60D3A70099C915 /* Frameworks */ = {
			isa = PBXFrameworksBuildPhase;
			buildActionMask = 2147483647;
			files = (
			);
			runOnlyForDeploymentPostprocessing = 0;
		};
		71F9949E1F60D3A70099C915 /* Frameworks */ = {
			isa = PBXFrameworksBuildPhase;
			buildActionMask = 2147483647;
			files = (
			);
			runOnlyForDeploymentPostprocessing = 0;
		};
/* End PBXFrameworksBuildPhase section */

/* Begin PBXGroup section */
		71F994791F60D3A70099C915 = {
			isa = PBXGroup;
			children = (
				71F994841F60D3A70099C915 /* HooAppsTest1Lol */,
				71F994991F60D3A70099C915 /* HooAppsTest1LolTests */,
				71F994A41F60D3A70099C915 /* HooAppsTest1LolUITests */,
				71F994831F60D3A70099C915 /* Products */,
			);
			sourceTree = "<group>";
		};
		71F994831F60D3A70099C915 /* Products */ = {
			isa = PBXGroup;
			children = (
				71F994821F60D3A70099C915 /* HooAppsTest1Lol.app */,
				71F994961F60D3A70099C915 /* HooAppsTest1LolTests.xctest */,
				71F994A11F60D3A70099C915 /* HooAppsTest1LolUITests.xctest */,
			);
			name = Products;
			sourceTree = "<group>";
		};
		71F994841F60D3A70099C915 /* HooAppsTest1Lol */ = {
			isa = PBXGroup;
			children = (
				71F994851F60D3A70099C915 /* AppDelegate.swift */,
				71F994871F60D3A70099C915 /* ViewController.swift */,
				71F994891F60D3A70099C915 /* Main.storyboard */,
				71F9948C1F60D3A70099C915 /* Assets.xcassets */,
				71F9948E1F60D3A70099C915 /* LaunchScreen.storyboard */,
				71F994911F60D3A70099C915 /* Info.plist */,
			);
			path = HooAppsTest1Lol;
			sourceTree = "<group>";
		};
		71F994991F60D3A70099C915 /* HooAppsTest1LolTests */ = {
			isa = PBXGroup;
			children = (
				71F9949A1F60D3A70099C915 /* HooAppsTest1LolTests.swift */,
				71F9949C1F60D3A70099C915 /* Info.plist */,
			);
			path = HooAppsTest1LolTests;
			sourceTree = "<group>";
		};
		71F994A41F60D3A70099C915 /* HooAppsTest1LolUITests */ = {
			isa = PBXGroup;
			children = (
				71F994A51F60D3A70099C915 /* HooAppsTest1LolUITests.swift */,
				71F994A71F60D3A70099C915 /* Info.plist */,
			);
			path = HooAppsTest1LolUITests;
			sourceTree = "<group>";
		};
/* End PBXGroup section */

/* Begin PBXNativeTarget section */
		71F994811F60D3A70099C915 /* HooAppsTest1Lol */ = {
			isa = PBXNativeTarget;
			buildConfigurationList = 71F994AA1F60D3A70099C915 /* Build configuration list for PBXNativeTarget "HooAppsTest1Lol" */;
			buildPhases = (
				71F9947E1F60D3A70099C915 /* Sources */,
				71F9947F1F60D3A70099C915 /* Frameworks */,
				71F994801F60D3A70099C915 /* Resources */,
			);
			buildRules = (
			);
			dependencies = (
			);
			name = HooAppsTest1Lol;
			productName = HooAppsTest1Lol;
			productReference = 71F994821F60D3A70099C915 /* HooAppsTest1Lol.app */;
			productType = "com.apple.product-type.application";
		};
		71F994951F60D3A70099C915 /* HooAppsTest1LolTests */ = {
			isa = PBXNativeTarget;
			buildConfigurationList = 71F994AD1F60D3A70099C915 /* Build configuration list for PBXNativeTarget "HooAppsTest1LolTests" */;
			buildPhases = (
				71F994921F60D3A70099C915 /* Sources */,
				71F994931F60D3A70099C915 /* Frameworks */,
				71F994941F60D3A70099C915 /* Resources */,
			);
			buildRules = (
			);
			dependencies = (
				71F994981F60D3A70099C915 /* PBXTargetDependency */,
			);
			name = HooAppsTest1LolTests;
			productName = HooAppsTest1LolTests;
			productReference = 71F994961F60D3A70099C915 /* HooAppsTest1LolTests.xctest */;
			productType = "com.apple.product-type.bundle.unit-test";
		};
		71F994A01F60D3A70099C915 /* HooAppsTest1LolUITests */ = {
			isa = PBXNativeTarget;
			buildConfigurationList = 71F994B01F60D3A70099C915 /* Build configuration list for PBXNativeTarget "HooAppsTest1LolUITests" */;
			buildPhases = (
				71F9949D1F60D3A70099C915 /* Sources */,
				71F9949E1F60D3A70099C915 /* Frameworks */,
				71F9949F1F60D3A70099C915 /* Resources */,
			);
			buildRules = (
			);
			dependencies = (
				71F994A31F60D3A70099C915 /* PBXTargetDependency */,
			);
			name = HooAppsTest1LolUITests;
			productName = HooAppsTest1LolUITests;
			productReference = 71F994A11F60D3A70099C915 /* HooAppsTest1LolUITests.xctest */;
			productType = "com.apple.product-type.bundle.ui-testing";
		};
/* End PBXNativeTarget section */

/* Begin PBXProject section */
		71F9947A1F60D3A70099C915 /* Project object */ = {
			isa = PBXProject;
			attributes = {
				LastSwiftUpdateCheck = 0820;
				LastUpgradeCheck = 0820;
				ORGANIZATIONNAME = "Smart Source";
				TargetAttributes = {
					71F994811F60D3A70099C915 = {
						CreatedOnToolsVersion = 8.2.1;
						DevelopmentTeam = U743V4PW2V;
						ProvisioningStyle = Automatic;
					};
					71F994951F60D3A70099C915 = {
						CreatedOnToolsVersion = 8.2.1;
						DevelopmentTeam = U743V4PW2V;
						ProvisioningStyle = Automatic;
						TestTargetID = 71F994811F60D3A70099C915;
					};
					71F994A01F60D3A70099C915 = {
						CreatedOnToolsVersion = 8.2.1;
						DevelopmentTeam = U743V4PW2V;
						ProvisioningStyle = Automatic;
						TestTargetID = 71F994811F60D3A70099C915;
					};
				};
			};
			buildConfigurationList = 71F9947D1F60D3A70099C915 /* Build configuration list for PBXProject "HooAppsTest1Lol" */;
			compatibilityVersion = "Xcode 3.2";
			developmentRegion = English;
			hasScannedForEncodings = 0;
			knownRegions = (
				en,
				Base,
			);
			mainGroup = 71F994791F60D3A70099C915;
			productRefGroup = 71F994831F60D3A70099C915 /* Products */;
			projectDirPath = "";
			projectRoot = "";
			targets = (
				71F994811F60D3A70099C915 /* HooAppsTest1Lol */,
				71F994951F60D3A70099C915 /* HooAppsTest1LolTests */,
				71F994A01F60D3A70099C915 /* HooAppsTest1LolUITests */,
			);
		};
/* End PBXProject section */

/* Begin PBXResourcesBuildPhase section */
		71F994801F60D3A70099C915 /* Resources */ = {
			isa = PBXResourcesBuildPhase;
			buildActionMask = 2147483647;
			files = (
				71F994901F60D3A70099C915 /* LaunchScreen.storyboard in Resources */,
				71F9948D1F60D3A70099C915 /* Assets.xcassets in Resources */,
				71F9948B1F60D3A70099C915 /* Main.storyboard in Resources */,
			);
			runOnlyForDeploymentPostprocessing = 0;
		};
		71F994941F60D3A70099C915 /* Resources */ = {
			isa = PBXResourcesBuildPhase;
			buildActionMask = 2147483647;
			files = (
			);
			runOnlyForDeploymentPostprocessing = 0;
		};
		71F9949F1F60D3A70099C915 /* Resources */ = {
			isa = PBXResourcesBuildPhase;
			buildActionMask = 2147483647;
			files = (
			);
			runOnlyForDeploymentPostprocessing = 0;
		};
/* End PBXResourcesBuildPhase section */

/* Begin PBXSourcesBuildPhase section */
		71F9947E1F60D3A70099C915 /* Sources */ = {
			isa = PBXSourcesBuildPhase;
			buildActionMask = 2147483647;
			files = (
				71F994881F60D3A70099C915 /* ViewController.swift in Sources */,
				71F994861F60D3A70099C915 /* AppDelegate.swift in Sources */,
			);
			runOnlyForDeploymentPostprocessing = 0;
		};
		71F994921F60D3A70099C915 /* Sources */ = {
			isa = PBXSourcesBuildPhase;
			buildActionMask = 2147483647;
			files = (
				71F9949B1F60D3A70099C915 /* HooAppsTest1LolTests.swift in Sources */,
			);
			runOnlyForDeploymentPostprocessing = 0;
		};
		71F9949D1F60D3A70099C915 /* Sources */ = {
			isa = PBXSourcesBuildPhase;
			buildActionMask = 2147483647;
			files = (
				71F994A61F60D3A70099C915 /* HooAppsTest1LolUITests.swift in Sources */,
			);
			runOnlyForDeploymentPostprocessing = 0;
		};
/* End PBXSourcesBuildPhase section */

/* Begin PBXTargetDependency section */
		71F994981F60D3A70099C915 /* PBXTargetDependency */ = {
			isa = PBXTargetDependency;
			target = 71F994811F60D3A70099C915 /* HooAppsTest1Lol */;
			targetProxy = 71F994971F60D3A70099C915 /* PBXContainerItemProxy */;
		};
		71F994A31F60D3A70099C915 /* PBXTargetDependency */ = {
			isa = PBXTargetDependency;
			target = 71F994811F60D3A70099C915 /* HooAppsTest1Lol */;
			targetProxy = 71F994A21F60D3A70099C915 /* PBXContainerItemProxy */;
		};
/* End PBXTargetDependency section */

/* Begin PBXVariantGroup section */
		71F994891F60D3A70099C915 /* Main.storyboard */ = {
			isa = PBXVariantGroup;
			children = (
				71F9948A1F60D3A70099C915 /* Base */,
			);
			name = Main.storyboard;
			sourceTree = "<group>";
		};
		71F9948E1F60D3A70099C915 /* LaunchScreen.storyboard */ = {
			isa = PBXVariantGroup;
			children = (
				71F9948F1F60D3A70099C915 /* Base */,
			);
			name = LaunchScreen.storyboard;
			sourceTree = "<group>";
		};
/* End PBXVariantGroup section */

/* Begin XCBuildConfiguration section */
		71F994A81F60D3A70099C915 /* Debug */ = {
			isa = XCBuildConfiguration;
			buildSettings = {
				ALWAYS_SEARCH_USER_PATHS = NO;
				CLANG_ANALYZER_NONNULL = YES;
				CLANG_CXX_LANGUAGE_STANDARD = "gnu++0x";
				CLANG_CXX_LIBRARY = "libc++";
				CLANG_ENABLE_MODULES = YES;
				CLANG_ENABLE_OBJC_ARC = YES;
				CLANG_WARN_BOOL_CONVERSION = YES;
				CLANG_WARN_CONSTANT_CONVERSION = YES;
				CLANG_WARN_DIRECT_OBJC_ISA_USAGE = YES_ERROR;
				CLANG_WARN_DOCUMENTATION_COMMENTS = YES;
				CLANG_WARN_EMPTY_BODY = YES;
				CLANG_WARN_ENUM_CONVERSION = YES;
				CLANG_WARN_INFINITE_RECURSION = YES;
				CLANG_WARN_INT_CONVERSION = YES;
				CLANG_WARN_OBJC_ROOT_CLASS = YES_ERROR;
				CLANG_WARN_SUSPICIOUS_MOVE = YES;
				CLANG_WARN_UNREACHABLE_CODE = YES;
				CLANG_WARN__DUPLICATE_METHOD_MATCH = YES;
				"CODE_SIGN_IDENTITY[sdk=iphoneos*]" = "iPhone Developer";
				COPY_PHASE_STRIP = NO;
				DEBUG_INFORMATION_FORMAT = dwarf;
				ENABLE_STRICT_OBJC_MSGSEND = YES;
				ENABLE_TESTABILITY = YES;
				GCC_C_LANGUAGE_STANDARD = gnu99;
				GCC_DYNAMIC_NO_PIC = NO;
				GCC_NO_COMMON_BLOCKS = YES;
				GCC_OPTIMIZATION_LEVEL = 0;
				GCC_PREPROCESSOR_DEFINITIONS = (
					"DEBUG=1",
					"$(inherited)",
				);
				GCC_WARN_64_TO_32_BIT_CONVERSION = YES;
				GCC_WARN_ABOUT_RETURN_TYPE = YES_ERROR;
				GCC_WARN_UNDECLARED_SELECTOR = YES;
				GCC_WARN_UNINITIALIZED_AUTOS = YES_AGGRESSIVE;
				GCC_WARN_UNUSED_FUNCTION = YES;
				GCC_WARN_UNUSED_VARIABLE = YES;
				IPHONEOS_DEPLOYMENT_TARGET = 10.2;
				MTL_ENABLE_DEBUG_INFO = YES;
				ONLY_ACTIVE_ARCH = YES;
				SDKROOT = iphoneos;
				SWIFT_ACTIVE_COMPILATION_CONDITIONS = DEBUG;
				SWIFT_OPTIMIZATION_LEVEL = "-Onone";
				TARGETED_DEVICE_FAMILY = "1,2";
			};
			name = Debug;
		};
		71F994A91F60D3A70099C915 /* Release */ = {
			isa = XCBuildConfiguration;
			buildSettings = {
				ALWAYS_SEARCH_USER_PATHS = NO;
				CLANG_ANALYZER_NONNULL = YES;
				CLANG_CXX_LANGUAGE_STANDARD = "gnu++0x";
				CLANG_CXX_LIBRARY = "libc++";
				CLANG_ENABLE_MODULES = YES;
				CLANG_ENABLE_OBJC_ARC = YES;
				CLANG_WARN_BOOL_CONVERSION = YES;
				CLANG_WARN_CONSTANT_CONVERSION = YES;
				CLANG_WARN_DIRECT_OBJC_ISA_USAGE = YES_ERROR;
				CLANG_WARN_DOCUMENTATION_COMMENTS = YES;
				CLANG_WARN_EMPTY_BODY = YES;
				CLANG_WARN_ENUM_CONVERSION = YES;
				CLANG_WARN_INFINITE_RECURSION = YES;
				CLANG_WARN_INT_CONVERSION = YES;
				CLANG_WARN_OBJC_ROOT_CLASS = YES_ERROR;
				CLANG_WARN_SUSPICIOUS_MOVE = YES;
				CLANG_WARN_UNREACHABLE_CODE = YES;
				CLANG_WARN__DUPLICATE_METHOD_MATCH = YES;
				"CODE_SIGN_IDENTITY[sdk=iphoneos*]" = "iPhone Developer";
				COPY_PHASE_STRIP = NO;
				DEBUG_INFORMATION_FORMAT = "dwarf-with-dsym";
				ENABLE_NS_ASSERTIONS = NO;
				ENABLE_STRICT_OBJC_MSGSEND = YES;
				GCC_C_LANGUAGE_STANDARD = gnu99;
				GCC_NO_COMMON_BLOCKS = YES;
				GCC_WARN_64_TO_32_BIT_CONVERSION = YES;
				GCC_WARN_ABOUT_RETURN_TYPE = YES_ERROR;
				GCC_WARN_UNDECLARED_SELECTOR = YES;
				GCC_WARN_UNINITIALIZED_AUTOS = YES_AGGRESSIVE;
				GCC_WARN_UNUSED_FUNCTION = YES;
				GCC_WARN_UNUSED_VARIABLE = YES;
				IPHONEOS_DEPLOYMENT_TARGET = 10.2;
				MTL_ENABLE_DEBUG_INFO = NO;
				SDKROOT = iphoneos;
				SWIFT_OPTIMIZATION_LEVEL = "-Owholemodule";
				TARGETED_DEVICE_FAMILY = "1,2";
				VALIDATE_PRODUCT = YES;
			};
			name = Release;
		};
		71F994AB1F60D3A70099C915 /* Debug */ = {
			isa = XCBuildConfiguration;
			buildSettings = {
				ASSETCATALOG_COMPILER_APPICON_NAME = AppIcon;
				DEVELOPMENT_TEAM = U743V4PW2V;
				INFOPLIST_FILE = HooAppsTest1Lol/Info.plist;
				LD_RUNPATH_SEARCH_PATHS = "$(inherited) @executable_path/Frameworks";
				PRODUCT_BUNDLE_IDENTIFIER = com.SmartSource.HooAppsTest1Lol;
				PRODUCT_NAME = "$(TARGET_NAME)";
				SWIFT_VERSION = 3.0;
			};
			name = Debug;
		};
		71F994AC1F60D3A70099C915 /* Release */ = {
			isa = XCBuildConfiguration;
			buildSettings = {
				ASSETCATALOG_COMPILER_APPICON_NAME = AppIcon;
				DEVELOPMENT_TEAM = U743V4PW2V;
				INFOPLIST_FILE = HooAppsTest1Lol/Info.plist;
				LD_RUNPATH_SEARCH_PATHS = "$(inherited) @executable_path/Frameworks";
				PRODUCT_BUNDLE_IDENTIFIER = com.SmartSource.HooAppsTest1Lol;
				PRODUCT_NAME = "$(TARGET_NAME)";
				SWIFT_VERSION = 3.0;
			};
			name = Release;
		};
		71F994AE1F60D3A70099C915 /* Debug */ = {
			isa = XCBuildConfiguration;
			buildSettings = {
				ALWAYS_EMBED_SWIFT_STANDARD_LIBRARIES = YES;
				BUNDLE_LOADER = "$(TEST_HOST)";
				DEVELOPMENT_TEAM = U743V4PW2V;
				INFOPLIST_FILE = HooAppsTest1LolTests/Info.plist;
				LD_RUNPATH_SEARCH_PATHS = "$(inherited) @executable_path/Frameworks @loader_path/Frameworks";
				PRODUCT_BUNDLE_IDENTIFIER = com.SmartSource.HooAppsTest1LolTests;
				PRODUCT_NAME = "$(TARGET_NAME)";
				SWIFT_VERSION = 3.0;
				TEST_HOST = "$(BUILT_PRODUCTS_DIR)/HooAppsTest1Lol.app/HooAppsTest1Lol";
			};
			name = Debug;
		};
		71F994AF1F60D3A70099C915 /* Release */ = {
			isa = XCBuildConfiguration;
			buildSettings = {
				ALWAYS_EMBED_SWIFT_STANDARD_LIBRARIES = YES;
				BUNDLE_LOADER = "$(TEST_HOST)";
				DEVELOPMENT_TEAM = U743V4PW2V;
				INFOPLIST_FILE = HooAppsTest1LolTests/Info.plist;
				LD_RUNPATH_SEARCH_PATHS = "$(inherited) @executable_path/Frameworks @loader_path/Frameworks";
				PRODUCT_BUNDLE_IDENTIFIER = com.SmartSource.HooAppsTest1LolTests;
				PRODUCT_NAME = "$(TARGET_NAME)";
				SWIFT_VERSION = 3.0;
				TEST_HOST = "$(BUILT_PRODUCTS_DIR)/HooAppsTest1Lol.app/HooAppsTest1Lol";
			};
			name = Release;
		};
		71F994B11F60D3A70099C915 /* Debug */ = {
			isa = XCBuildConfiguration;
			buildSettings = {
				ALWAYS_EMBED_SWIFT_STANDARD_LIBRARIES = YES;
				DEVELOPMENT_TEAM = U743V4PW2V;
				INFOPLIST_FILE = HooAppsTest1LolUITests/Info.plist;
				LD_RUNPATH_SEARCH_PATHS = "$(inherited) @executable_path/Frameworks @loader_path/Frameworks";
				PRODUCT_BUNDLE_IDENTIFIER = com.SmartSource.HooAppsTest1LolUITests;
				PRODUCT_NAME = "$(TARGET_NAME)";
				SWIFT_VERSION = 3.0;
				TEST_TARGET_NAME = HooAppsTest1Lol;
			};
			name = Debug;
		};
		71F994B21F60D3A70099C915 /* Release */ = {
			isa = XCBuildConfiguration;
			buildSettings = {
				ALWAYS_EMBED_SWIFT_STANDARD_LIBRARIES = YES;
				DEVELOPMENT_TEAM = U743V4PW2V;
				INFOPLIST_FILE = HooAppsTest1LolUITests/Info.plist;
				LD_RUNPATH_SEARCH_PATHS = "$(inherited) @executable_path/Frameworks @loader_path/Frameworks";
				PRODUCT_BUNDLE_IDENTIFIER = com.SmartSource.HooAppsTest1LolUITests;
				PRODUCT_NAME = "$(TARGET_NAME)";
				SWIFT_VERSION = 3.0;
				TEST_TARGET_NAME = HooAppsTest1Lol;
			};
			name = Release;
		};
/* End XCBuildConfiguration section */

/* Begin XCConfigurationList section */
		71F9947D1F60D3A70099C915 /* Build configuration list for PBXProject "HooAppsTest1Lol" */ = {
			isa = XCConfigurationList;
			buildConfigurations = (
				71F994A81F60D3A70099C915 /* Debug */,
				71F994A91F60D3A70099C915 /* Release */,
			);
			defaultConfigurationIsVisible = 0;
			defaultConfigurationName = Release;
		};
		71F994AA1F60D3A70099C915 /* Build configuration list for PBXNativeTarget "HooAppsTest1Lol" */ = {
			isa = XCConfigurationList;
			buildConfigurations = (
				71F994AB1F60D3A70099C915 /* Debug */,
				71F994AC1F60D3A70099C915 /* Release */,
			);
			defaultConfigurationIsVisible = 0;
		};
		71F994AD1F60D3A70099C915 /* Build configuration list for PBXNativeTarget "HooAppsTest1LolTests" */ = {
			isa = XCConfigurationList;
			buildConfigurations = (
				71F994AE1F60D3A70099C915 /* Debug */,
				71F994AF1F60D3A70099C915 /* Release */,
			);
			defaultConfigurationIsVisible = 0;
		};
		71F994B01F60D3A70099C915 /* Build configuration list for PBXNativeTarget "HooAppsTest1LolUITests" */ = {
			isa = XCConfigurationList;
			buildConfigurations = (
				71F994B11F60D3A70099C915 /* Debug */,
				71F994B21F60D3A70099C915 /* Release */,
			);
			defaultConfigurationIsVisible = 0;
		};
/* End XCConfigurationList section */
	};
	rootObject = 71F9947A1F60D3A70099C915 /* Project object */;
}
